
Microsoft Visual Studio Solution File, Format Version 12.00
# Visual Studio Version 17
VisualStudioVersion = 17.7.34031.279
MinimumVisualStudioVersion = 10.0.40219.1
Project("{FAE04EC0-301F-11D3-BF4B-00C04F79EFBC}") = "CSharpCalculator", "CSharpCalculator.csproj", "{4F4653DD-FE3B-4181-9DBE-A839922E55D7}"
EndProject
Global
	GlobalSection(SolutionConfigurationPlatforms) = preSolution
		Debug|Any CPU = Debug|Any CPU
		Release|Any CPU = Release|Any CPU
	EndGlobalSection
	GlobalSection(ProjectConfigurationPlatforms) = postSolution
		{4F4653DD-FE3B-4181-9DBE-A839922E55D7}.Debug|Any CPU.ActiveCfg = Debug|Any CPU
		{4F4653DD-FE3B-4181-9DBE-A839922E55D7}.Debug|Any CPU.Build.0 = Debug|Any CPU
		{4F4653DD-FE3B-4181-9DBE-A839922E55D7}.Release|Any CPU.ActiveCfg = Release|Any CPU
		{4F4653DD-FE3B-4181-9DBE-A839922E55D7}.Release|Any CPU.Build.0 = Release|Any CPU
	EndGlobalSection
	GlobalSection(SolutionProperties) = preSolution
		HideSolutionNode = FALSE
	EndGlobalSection
	GlobalSection(ExtensibilityGlobals) = postSolution
		SolutionGuid = {06D5AE21-BDCA-42AB-B279-81BC01B37955}
	EndGlobalSection
EndGlobal
